
Microsoft Visual Studio Solution File, Format Version 12.00
# Visual Studio 15
VisualStudioVersion = 15.0.28307.960
MinimumVisualStudioVersion = 10.0.40219.1
Project("{FAE04EC0-301F-11D3-BF4B-00C04F79EFBC}") = "ToDoListWebApi", "ToDoListWebApi\ToDoListWebApi.csproj", "{726F0F10-688E-43AF-8F45-54640595F8FE}"
EndProject
Global
	GlobalSection(SolutionConfigurationPlatforms) = preSolution
		Debug|Any CPU = Debug|Any CPU
		Release|Any CPU = Release|Any CPU
	EndGlobalSection
	GlobalSection(ProjectConfigurationPlatforms) = postSolution
		{726F0F10-688E-43AF-8F45-54640595F8FE}.Debug|Any CPU.ActiveCfg = Debug|Any CPU
		{726F0F10-688E-43AF-8F45-54640595F8FE}.Debug|Any CPU.Build.0 = Debug|Any CPU
		{726F0F10-688E-43AF-8F45-54640595F8FE}.Release|Any CPU.ActiveCfg = Release|Any CPU
		{726F0F10-688E-43AF-8F45-54640595F8FE}.Release|Any CPU.Build.0 = Release|Any CPU
	EndGlobalSection
	GlobalSection(SolutionProperties) = preSolution
		HideSolutionNode = FALSE
	EndGlobalSection
	GlobalSection(ExtensibilityGlobals) = postSolution
		SolutionGuid = {489EFB46-43B5-4CAE-9EE7-2E83984C5006}
	EndGlobalSection
EndGlobal
